// !$*UTF8*$!
{
	archiveVersion = 1;
	classes = {
	};
	objectVersion = 56;
	objects = {

/* Begin PBXBuildFile section */
		35822377297D530F0022FE2A /* AppDelegate.swift in Sources */ = {isa = PBXBuildFile; fileRef = 35822376297D530F0022FE2A /* AppDelegate.swift */; };
		35822379297D530F0022FE2A /* SceneDelegate.swift in Sources */ = {isa = PBXBuildFile; fileRef = 35822378297D530F0022FE2A /* SceneDelegate.swift */; };
		3582237B297D530F0022FE2A /* ConversationViewController.swift in Sources */ = {isa = PBXBuildFile; fileRef = 3582237A297D530F0022FE2A /* ConversationViewController.swift */; };
		3582237E297D530F0022FE2A /* Main.storyboard in Resources */ = {isa = PBXBuildFile; fileRef = 3582237C297D530F0022FE2A /* Main.storyboard */; };
		35822380297D53110022FE2A /* Assets.xcassets in Resources */ = {isa = PBXBuildFile; fileRef = 3582237F297D53110022FE2A /* Assets.xcassets */; };
		35822383297D53110022FE2A /* LaunchScreen.storyboard in Resources */ = {isa = PBXBuildFile; fileRef = 35822381297D53110022FE2A /* LaunchScreen.storyboard */; };
		35822391297D551E0022FE2A /* LoginViewController.swift in Sources */ = {isa = PBXBuildFile; fileRef = 35822390297D551E0022FE2A /* LoginViewController.swift */; };
		35822393297D55320022FE2A /* RegisterViewController.swift in Sources */ = {isa = PBXBuildFile; fileRef = 35822392297D55320022FE2A /* RegisterViewController.swift */; };
		35822395297D55670022FE2A /* PhotoViewerViewController.swift in Sources */ = {isa = PBXBuildFile; fileRef = 35822394297D55670022FE2A /* PhotoViewerViewController.swift */; };
		35822397297D55800022FE2A /* VideoPlayerViewController.swift in Sources */ = {isa = PBXBuildFile; fileRef = 35822396297D55800022FE2A /* VideoPlayerViewController.swift */; };
		35822399297D55930022FE2A /* ProfileViewController.swift in Sources */ = {isa = PBXBuildFile; fileRef = 35822398297D55930022FE2A /* ProfileViewController.swift */; };
		3582239B297D55B60022FE2A /* NewConversationViewController.swift in Sources */ = {isa = PBXBuildFile; fileRef = 3582239A297D55B60022FE2A /* NewConversationViewController.swift */; };
		358223A0297D58890022FE2A /* FirebaseAnalytics in Frameworks */ = {isa = PBXBuildFile; productRef = 3582239F297D58890022FE2A /* FirebaseAnalytics */; };
		358223A2297D58890022FE2A /* FirebaseAnalyticsOnDeviceConversion in Frameworks */ = {isa = PBXBuildFile; productRef = 358223A1297D58890022FE2A /* FirebaseAnalyticsOnDeviceConversion */; };
		358223A4297D58890022FE2A /* FirebaseAnalyticsSwift in Frameworks */ = {isa = PBXBuildFile; productRef = 358223A3297D58890022FE2A /* FirebaseAnalyticsSwift */; };
		358223A6297D58890022FE2A /* FirebaseAnalyticsWithoutAdIdSupport in Frameworks */ = {isa = PBXBuildFile; productRef = 358223A5297D58890022FE2A /* FirebaseAnalyticsWithoutAdIdSupport */; };
		358223A8297D58890022FE2A /* FirebaseAppCheck in Frameworks */ = {isa = PBXBuildFile; productRef = 358223A7297D58890022FE2A /* FirebaseAppCheck */; };
		358223AA297D588A0022FE2A /* FirebaseAppDistribution-Beta in Frameworks */ = {isa = PBXBuildFile; productRef = 358223A9297D588A0022FE2A /* FirebaseAppDistribution-Beta */; };
		358223AC297D588A0022FE2A /* FirebaseAuth in Frameworks */ = {isa = PBXBuildFile; productRef = 358223AB297D588A0022FE2A /* FirebaseAuth */; };
		358223AE297D588A0022FE2A /* FirebaseAuthCombine-Community in Frameworks */ = {isa = PBXBuildFile; productRef = 358223AD297D588A0022FE2A /* FirebaseAuthCombine-Community */; };
		358223B0297D588A0022FE2A /* FirebaseCrashlytics in Frameworks */ = {isa = PBXBuildFile; productRef = 358223AF297D588A0022FE2A /* FirebaseCrashlytics */; };
		358223B2297D588B0022FE2A /* FirebaseDatabase in Frameworks */ = {isa = PBXBuildFile; productRef = 358223B1297D588B0022FE2A /* FirebaseDatabase */; };
		358223B4297D588B0022FE2A /* FirebaseDatabaseSwift in Frameworks */ = {isa = PBXBuildFile; productRef = 358223B3297D588B0022FE2A /* FirebaseDatabaseSwift */; };
		358223B6297D588C0022FE2A /* FirebaseDynamicLinks in Frameworks */ = {isa = PBXBuildFile; productRef = 358223B5297D588C0022FE2A /* FirebaseDynamicLinks */; };
		358223B8297D588C0022FE2A /* FirebaseFirestore in Frameworks */ = {isa = PBXBuildFile; productRef = 358223B7297D588C0022FE2A /* FirebaseFirestore */; };
		358223BA297D588D0022FE2A /* FirebaseFirestoreCombine-Community in Frameworks */ = {isa = PBXBuildFile; productRef = 358223B9297D588D0022FE2A /* FirebaseFirestoreCombine-Community */; };
		358223BC297D588D0022FE2A /* FirebaseFirestoreSwift in Frameworks */ = {isa = PBXBuildFile; productRef = 358223BB297D588D0022FE2A /* FirebaseFirestoreSwift */; };
		358223BE297D588E0022FE2A /* FirebaseFunctions in Frameworks */ = {isa = PBXBuildFile; productRef = 358223BD297D588E0022FE2A /* FirebaseFunctions */; };
		358223C0297D588E0022FE2A /* FirebaseFunctionsCombine-Community in Frameworks */ = {isa = PBXBuildFile; productRef = 358223BF297D588E0022FE2A /* FirebaseFunctionsCombine-Community */; };
		358223C2297D588F0022FE2A /* FirebaseInAppMessaging-Beta in Frameworks */ = {isa = PBXBuildFile; productRef = 358223C1297D588F0022FE2A /* FirebaseInAppMessaging-Beta */; };
		358223C4297D58900022FE2A /* FirebaseInAppMessagingSwift-Beta in Frameworks */ = {isa = PBXBuildFile; productRef = 358223C3297D58900022FE2A /* FirebaseInAppMessagingSwift-Beta */; };
		358223C6297D58900022FE2A /* FirebaseInstallations in Frameworks */ = {isa = PBXBuildFile; productRef = 358223C5297D58900022FE2A /* FirebaseInstallations */; };
		358223C8297D58910022FE2A /* FirebaseMLModelDownloader in Frameworks */ = {isa = PBXBuildFile; productRef = 358223C7297D58910022FE2A /* FirebaseMLModelDownloader */; };
		358223CA297D58920022FE2A /* FirebaseMessaging in Frameworks */ = {isa = PBXBuildFile; productRef = 358223C9297D58920022FE2A /* FirebaseMessaging */; };
		358223CC297D58930022FE2A /* FirebasePerformance in Frameworks */ = {isa = PBXBuildFile; productRef = 358223CB297D58930022FE2A /* FirebasePerformance */; };
		358223CE297D58940022FE2A /* FirebaseRemoteConfig in Frameworks */ = {isa = PBXBuildFile; productRef = 358223CD297D58940022FE2A /* FirebaseRemoteConfig */; };
		358223D0297D58940022FE2A /* FirebaseRemoteConfigSwift in Frameworks */ = {isa = PBXBuildFile; productRef = 358223CF297D58940022FE2A /* FirebaseRemoteConfigSwift */; };
		358223D2297D58950022FE2A /* FirebaseStorage in Frameworks */ = {isa = PBXBuildFile; productRef = 358223D1297D58950022FE2A /* FirebaseStorage */; };
		358223D4297D58960022FE2A /* FirebaseStorageCombine-Community in Frameworks */ = {isa = PBXBuildFile; productRef = 358223D3297D58960022FE2A /* FirebaseStorageCombine-Community */; };
		35845E732983B598003927D4 /* GoogleService-Info.plist in Resources */ = {isa = PBXBuildFile; fileRef = 35845E722983B598003927D4 /* GoogleService-Info.plist */; };
		35ABDEB42989802100A04A5B /* FacebookCore in Frameworks */ = {isa = PBXBuildFile; productRef = 35ABDEB32989802100A04A5B /* FacebookCore */; };
		35ABDEB62989802100A04A5B /* FacebookGamingServices in Frameworks */ = {isa = PBXBuildFile; productRef = 35ABDEB52989802100A04A5B /* FacebookGamingServices */; };
		35ABDEB82989802100A04A5B /* FacebookLogin in Frameworks */ = {isa = PBXBuildFile; productRef = 35ABDEB72989802100A04A5B /* FacebookLogin */; };
		35ABDEBA2989802100A04A5B /* FacebookShare in Frameworks */ = {isa = PBXBuildFile; productRef = 35ABDEB92989802100A04A5B /* FacebookShare */; };
		35D0EC072987B6450062CC63 /* DatabaseManager.swift in Sources */ = {isa = PBXBuildFile; fileRef = 35D0EC062987B6450062CC63 /* DatabaseManager.swift */; };
		35F6BAAF297FD86F007A842D /* Extentions.swift in Sources */ = {isa = PBXBuildFile; fileRef = 35F6BAAE297FD86F007A842D /* Extentions.swift */; };
/* End PBXBuildFile section */

/* Begin PBXFileReference section */
		351A2760298A4E4E00499121 /* Messenger.entitlements */ = {isa = PBXFileReference; lastKnownFileType = text.plist.entitlements; path = Messenger.entitlements; sourceTree = "<group>"; };
		35822373297D530F0022FE2A /* Messenger.app */ = {isa = PBXFileReference; explicitFileType = wrapper.application; includeInIndex = 0; path = Messenger.app; sourceTree = BUILT_PRODUCTS_DIR; };
		35822376297D530F0022FE2A /* AppDelegate.swift */ = {isa = PBXFileReference; lastKnownFileType = sourcecode.swift; path = AppDelegate.swift; sourceTree = "<group>"; };
		35822378297D530F0022FE2A /* SceneDelegate.swift */ = {isa = PBXFileReference; lastKnownFileType = sourcecode.swift; path = SceneDelegate.swift; sourceTree = "<group>"; };
		3582237A297D530F0022FE2A /* ConversationViewController.swift */ = {isa = PBXFileReference; lastKnownFileType = sourcecode.swift; path = ConversationViewController.swift; sourceTree = "<group>"; };
		3582237D297D530F0022FE2A /* Base */ = {isa = PBXFileReference; lastKnownFileType = file.storyboard; name = Base; path = Base.lproj/Main.storyboard; sourceTree = "<group>"; };
		3582237F297D53110022FE2A /* Assets.xcassets */ = {isa = PBXFileReference; lastKnownFileType = folder.assetcatalog; path = Assets.xcassets; sourceTree = "<group>"; };
		35822382297D53110022FE2A /* Base */ = {isa = PBXFileReference; lastKnownFileType = file.storyboard; name = Base; path = Base.lproj/LaunchScreen.storyboard; sourceTree = "<group>"; };
		35822384297D53110022FE2A /* Info.plist */ = {isa = PBXFileReference; lastKnownFileType = text.plist.xml; path = Info.plist; sourceTree = "<group>"; };
		35822390297D551E0022FE2A /* LoginViewController.swift */ = {isa = PBXFileReference; lastKnownFileType = sourcecode.swift; path = LoginViewController.swift; sourceTree = "<group>"; };
		35822392297D55320022FE2A /* RegisterViewController.swift */ = {isa = PBXFileReference; lastKnownFileType = sourcecode.swift; path = RegisterViewController.swift; sourceTree = "<group>"; };
		35822394297D55670022FE2A /* PhotoViewerViewController.swift */ = {isa = PBXFileReference; lastKnownFileType = sourcecode.swift; path = PhotoViewerViewController.swift; sourceTree = "<group>"; };
		35822396297D55800022FE2A /* VideoPlayerViewController.swift */ = {isa = PBXFileReference; lastKnownFileType = sourcecode.swift; path = VideoPlayerViewController.swift; sourceTree = "<group>"; };
		35822398297D55930022FE2A /* ProfileViewController.swift */ = {isa = PBXFileReference; lastKnownFileType = sourcecode.swift; path = ProfileViewController.swift; sourceTree = "<group>"; };
		3582239A297D55B60022FE2A /* NewConversationViewController.swift */ = {isa = PBXFileReference; lastKnownFileType = sourcecode.swift; path = NewConversationViewController.swift; sourceTree = "<group>"; };
		35845E722983B598003927D4 /* GoogleService-Info.plist */ = {isa = PBXFileReference; fileEncoding = 4; lastKnownFileType = text.plist.xml; path = "GoogleService-Info.plist"; sourceTree = "<group>"; };
		35D0EC062987B6450062CC63 /* DatabaseManager.swift */ = {isa = PBXFileReference; lastKnownFileType = sourcecode.swift; path = DatabaseManager.swift; sourceTree = "<group>"; };
		35F6BAAE297FD86F007A842D /* Extentions.swift */ = {isa = PBXFileReference; lastKnownFileType = sourcecode.swift; path = Extentions.swift; sourceTree = "<group>"; };
/* End PBXFileReference section */

/* Begin PBXFrameworksBuildPhase section */
		35822370297D530F0022FE2A /* Frameworks */ = {
			isa = PBXFrameworksBuildPhase;
			buildActionMask = 2147483647;
			files = (
				358223B2297D588B0022FE2A /* FirebaseDatabase in Frameworks */,
				358223C0297D588E0022FE2A /* FirebaseFunctionsCombine-Community in Frameworks */,
				358223B8297D588C0022FE2A /* FirebaseFirestore in Frameworks */,
				358223A4297D58890022FE2A /* FirebaseAnalyticsSwift in Frameworks */,
				358223A0297D58890022FE2A /* FirebaseAnalytics in Frameworks */,
				35ABDEBA2989802100A04A5B /* FacebookShare in Frameworks */,
				358223A2297D58890022FE2A /* FirebaseAnalyticsOnDeviceConversion in Frameworks */,
				358223C8297D58910022FE2A /* FirebaseMLModelDownloader in Frameworks */,
				358223BC297D588D0022FE2A /* FirebaseFirestoreSwift in Frameworks */,
				35ABDEB62989802100A04A5B /* FacebookGamingServices in Frameworks */,
				358223A8297D58890022FE2A /* FirebaseAppCheck in Frameworks */,
				358223A6297D58890022FE2A /* FirebaseAnalyticsWithoutAdIdSupport in Frameworks */,
				358223AC297D588A0022FE2A /* FirebaseAuth in Frameworks */,
				358223B0297D588A0022FE2A /* FirebaseCrashlytics in Frameworks */,
				358223D0297D58940022FE2A /* FirebaseRemoteConfigSwift in Frameworks */,
				358223C2297D588F0022FE2A /* FirebaseInAppMessaging-Beta in Frameworks */,
				358223B4297D588B0022FE2A /* FirebaseDatabaseSwift in Frameworks */,
				358223BE297D588E0022FE2A /* FirebaseFunctions in Frameworks */,
				358223D4297D58960022FE2A /* FirebaseStorageCombine-Community in Frameworks */,
				358223CE297D58940022FE2A /* FirebaseRemoteConfig in Frameworks */,
				358223AA297D588A0022FE2A /* FirebaseAppDistribution-Beta in Frameworks */,
				35ABDEB82989802100A04A5B /* FacebookLogin in Frameworks */,
				358223AE297D588A0022FE2A /* FirebaseAuthCombine-Community in Frameworks */,
				358223CC297D58930022FE2A /* FirebasePerformance in Frameworks */,
				358223C4297D58900022FE2A /* FirebaseInAppMessagingSwift-Beta in Frameworks */,
				358223D2297D58950022FE2A /* FirebaseStorage in Frameworks */,
				35ABDEB42989802100A04A5B /* FacebookCore in Frameworks */,
				358223B6297D588C0022FE2A /* FirebaseDynamicLinks in Frameworks */,
				358223BA297D588D0022FE2A /* FirebaseFirestoreCombine-Community in Frameworks */,
				358223CA297D58920022FE2A /* FirebaseMessaging in Frameworks */,
				358223C6297D58900022FE2A /* FirebaseInstallations in Frameworks */,
			);
			runOnlyForDeploymentPostprocessing = 0;
		};
/* End PBXFrameworksBuildPhase section */

/* Begin PBXGroup section */
		355E13A9297EEC6F0036C15F /* Login */ = {
			isa = PBXGroup;
			children = (
				35822390297D551E0022FE2A /* LoginViewController.swift */,
				35822392297D55320022FE2A /* RegisterViewController.swift */,
			);
			path = Login;
			sourceTree = "<group>";
		};
		3582236A297D530F0022FE2A = {
			isa = PBXGroup;
			children = (
				35822375297D530F0022FE2A /* Messenger */,
				35822374297D530F0022FE2A /* Products */,
			);
			sourceTree = "<group>";
		};
		35822374297D530F0022FE2A /* Products */ = {
			isa = PBXGroup;
			children = (
				35822373297D530F0022FE2A /* Messenger.app */,
			);
			name = Products;
			sourceTree = "<group>";
		};
		35822375297D530F0022FE2A /* Messenger */ = {
			isa = PBXGroup;
			children = (
				351A2760298A4E4E00499121 /* Messenger.entitlements */,
				35845E722983B598003927D4 /* GoogleService-Info.plist */,
				3582238E297D548E0022FE2A /* Resources */,
				3582238D297D54840022FE2A /* ViewModels */,
				3582238C297D54770022FE2A /* Models */,
				3582238B297D546B0022FE2A /* Views */,
				3582238A297D545C0022FE2A /* Controllers */,
				35822384297D53110022FE2A /* Info.plist */,
			);
			path = Messenger;
			sourceTree = "<group>";
		};
		3582238A297D545C0022FE2A /* Controllers */ = {
			isa = PBXGroup;
			children = (
				355E13A9297EEC6F0036C15F /* Login */,
				35822394297D55670022FE2A /* PhotoViewerViewController.swift */,
				35822396297D55800022FE2A /* VideoPlayerViewController.swift */,
				35822398297D55930022FE2A /* ProfileViewController.swift */,
				3582239A297D55B60022FE2A /* NewConversationViewController.swift */,
				3582237A297D530F0022FE2A /* ConversationViewController.swift */,
			);
			path = Controllers;
			sourceTree = "<group>";
		};
		3582238B297D546B0022FE2A /* Views */ = {
			isa = PBXGroup;
			children = (
				3582238F297D54B70022FE2A /* Storyboards */,
				3582237F297D53110022FE2A /* Assets.xcassets */,
			);
			path = Views;
			sourceTree = "<group>";
		};
		3582238C297D54770022FE2A /* Models */ = {
			isa = PBXGroup;
			children = (
			);
			path = Models;
			sourceTree = "<group>";
		};
		3582238D297D54840022FE2A /* ViewModels */ = {
			isa = PBXGroup;
			children = (
			);
			path = ViewModels;
			sourceTree = "<group>";
		};
		3582238E297D548E0022FE2A /* Resources */ = {
			isa = PBXGroup;
			children = (
				35822376297D530F0022FE2A /* AppDelegate.swift */,
				35822378297D530F0022FE2A /* SceneDelegate.swift */,
				35F6BAAE297FD86F007A842D /* Extentions.swift */,
				35D0EC062987B6450062CC63 /* DatabaseManager.swift */,
			);
			path = Resources;
			sourceTree = "<group>";
		};
		3582238F297D54B70022FE2A /* Storyboards */ = {
			isa = PBXGroup;
			children = (
				3582237C297D530F0022FE2A /* Main.storyboard */,
				35822381297D53110022FE2A /* LaunchScreen.storyboard */,
			);
			path = Storyboards;
			sourceTree = "<group>";
		};
/* End PBXGroup section */

/* Begin PBXNativeTarget section */
		35822372297D530F0022FE2A /* Messenger */ = {
			isa = PBXNativeTarget;
			buildConfigurationList = 35822387297D53110022FE2A /* Build configuration list for PBXNativeTarget "Messenger" */;
			buildPhases = (
				3582236F297D530F0022FE2A /* Sources */,
				35822370297D530F0022FE2A /* Frameworks */,
				35822371297D530F0022FE2A /* Resources */,
			);
			buildRules = (
			);
			dependencies = (
			);
			name = Messenger;
			packageProductDependencies = (
				3582239F297D58890022FE2A /* FirebaseAnalytics */,
				358223A1297D58890022FE2A /* FirebaseAnalyticsOnDeviceConversion */,
				358223A3297D58890022FE2A /* FirebaseAnalyticsSwift */,
				358223A5297D58890022FE2A /* FirebaseAnalyticsWithoutAdIdSupport */,
				358223A7297D58890022FE2A /* FirebaseAppCheck */,
				358223A9297D588A0022FE2A /* FirebaseAppDistribution-Beta */,
				358223AB297D588A0022FE2A /* FirebaseAuth */,
				358223AD297D588A0022FE2A /* FirebaseAuthCombine-Community */,
				358223AF297D588A0022FE2A /* FirebaseCrashlytics */,
				358223B1297D588B0022FE2A /* FirebaseDatabase */,
				358223B3297D588B0022FE2A /* FirebaseDatabaseSwift */,
				358223B5297D588C0022FE2A /* FirebaseDynamicLinks */,
				358223B7297D588C0022FE2A /* FirebaseFirestore */,
				358223B9297D588D0022FE2A /* FirebaseFirestoreCombine-Community */,
				358223BB297D588D0022FE2A /* FirebaseFirestoreSwift */,
				358223BD297D588E0022FE2A /* FirebaseFunctions */,
				358223BF297D588E0022FE2A /* FirebaseFunctionsCombine-Community */,
				358223C1297D588F0022FE2A /* FirebaseInAppMessaging-Beta */,
				358223C3297D58900022FE2A /* FirebaseInAppMessagingSwift-Beta */,
				358223C5297D58900022FE2A /* FirebaseInstallations */,
				358223C7297D58910022FE2A /* FirebaseMLModelDownloader */,
				358223C9297D58920022FE2A /* FirebaseMessaging */,
				358223CB297D58930022FE2A /* FirebasePerformance */,
				358223CD297D58940022FE2A /* FirebaseRemoteConfig */,
				358223CF297D58940022FE2A /* FirebaseRemoteConfigSwift */,
				358223D1297D58950022FE2A /* FirebaseStorage */,
				358223D3297D58960022FE2A /* FirebaseStorageCombine-Community */,
				35ABDEB32989802100A04A5B /* FacebookCore */,
				35ABDEB52989802100A04A5B /* FacebookGamingServices */,
				35ABDEB72989802100A04A5B /* FacebookLogin */,
				35ABDEB92989802100A04A5B /* FacebookShare */,
			);
			productName = Messenger;
			productReference = 35822373297D530F0022FE2A /* Messenger.app */;
			productType = "com.apple.product-type.application";
		};
/* End PBXNativeTarget section */

/* Begin PBXProject section */
		3582236B297D530F0022FE2A /* Project object */ = {
			isa = PBXProject;
			attributes = {
				BuildIndependentTargetsInParallel = 1;
				LastSwiftUpdateCheck = 1420;
				LastUpgradeCheck = 1420;
				TargetAttributes = {
					35822372297D530F0022FE2A = {
						CreatedOnToolsVersion = 14.2;
					};
				};
			};
			buildConfigurationList = 3582236E297D530F0022FE2A /* Build configuration list for PBXProject "Messenger" */;
			compatibilityVersion = "Xcode 14.0";
			developmentRegion = en;
			hasScannedForEncodings = 0;
			knownRegions = (
				en,
				Base,
			);
			mainGroup = 3582236A297D530F0022FE2A;
			packageReferences = (
				3582239E297D58890022FE2A /* XCRemoteSwiftPackageReference "firebase-ios-sdk" */,
				35ABDEB22989802100A04A5B /* XCRemoteSwiftPackageReference "facebook-ios-sdk" */,
			);
			productRefGroup = 35822374297D530F0022FE2A /* Products */;
			projectDirPath = "";
			projectRoot = "";
			targets = (
				35822372297D530F0022FE2A /* Messenger */,
			);
		};
/* End PBXProject section */

/* Begin PBXResourcesBuildPhase section */
		35822371297D530F0022FE2A /* Resources */ = {
			isa = PBXResourcesBuildPhase;
			buildActionMask = 2147483647;
			files = (
				35822383297D53110022FE2A /* LaunchScreen.storyboard in Resources */,
				35845E732983B598003927D4 /* GoogleService-Info.plist in Resources */,
				35822380297D53110022FE2A /* Assets.xcassets in Resources */,
				3582237E297D530F0022FE2A /* Main.storyboard in Resources */,
			);
			runOnlyForDeploymentPostprocessing = 0;
		};
/* End PBXResourcesBuildPhase section */

/* Begin PBXSourcesBuildPhase section */
		3582236F297D530F0022FE2A /* Sources */ = {
			isa = PBXSourcesBuildPhase;
			buildActionMask = 2147483647;
			files = (
				35822391297D551E0022FE2A /* LoginViewController.swift in Sources */,
				35D0EC072987B6450062CC63 /* DatabaseManager.swift in Sources */,
				35822393297D55320022FE2A /* RegisterViewController.swift in Sources */,
				35F6BAAF297FD86F007A842D /* Extentions.swift in Sources */,
				3582237B297D530F0022FE2A /* ConversationViewController.swift in Sources */,
				35822397297D55800022FE2A /* VideoPlayerViewController.swift in Sources */,
				35822377297D530F0022FE2A /* AppDelegate.swift in Sources */,
				35822379297D530F0022FE2A /* SceneDelegate.swift in Sources */,
				3582239B297D55B60022FE2A /* NewConversationViewController.swift in Sources */,
				35822399297D55930022FE2A /* ProfileViewController.swift in Sources */,
				35822395297D55670022FE2A /* PhotoViewerViewController.swift in Sources */,
			);
			runOnlyForDeploymentPostprocessing = 0;
		};
/* End PBXSourcesBuildPhase section */

/* Begin PBXVariantGroup section */
		3582237C297D530F0022FE2A /* Main.storyboard */ = {
			isa = PBXVariantGroup;
			children = (
				3582237D297D530F0022FE2A /* Base */,
			);
			name = Main.storyboard;
			sourceTree = "<group>";
		};
		35822381297D53110022FE2A /* LaunchScreen.storyboard */ = {
			isa = PBXVariantGroup;
			children = (
				35822382297D53110022FE2A /* Base */,
			);
			name = LaunchScreen.storyboard;
			sourceTree = "<group>";
		};
/* End PBXVariantGroup section */

/* Begin XCBuildConfiguration section */
		35822385297D53110022FE2A /* Debug */ = {
			isa = XCBuildConfiguration;
			buildSettings = {
				ALWAYS_SEARCH_USER_PATHS = NO;
				CLANG_ANALYZER_NONNULL = YES;
				CLANG_ANALYZER_NUMBER_OBJECT_CONVERSION = YES_AGGRESSIVE;
				CLANG_CXX_LANGUAGE_STANDARD = "gnu++20";
				CLANG_ENABLE_MODULES = YES;
				CLANG_ENABLE_OBJC_ARC = YES;
				CLANG_ENABLE_OBJC_WEAK = YES;
				CLANG_WARN_BLOCK_CAPTURE_AUTORELEASING = YES;
				CLANG_WARN_BOOL_CONVERSION = YES;
				CLANG_WARN_COMMA = YES;
				CLANG_WARN_CONSTANT_CONVERSION = YES;
				CLANG_WARN_DEPRECATED_OBJC_IMPLEMENTATIONS = YES;
				CLANG_WARN_DIRECT_OBJC_ISA_USAGE = YES_ERROR;
				CLANG_WARN_DOCUMENTATION_COMMENTS = YES;
				CLANG_WARN_EMPTY_BODY = YES;
				CLANG_WARN_ENUM_CONVERSION = YES;
				CLANG_WARN_INFINITE_RECURSION = YES;
				CLANG_WARN_INT_CONVERSION = YES;
				CLANG_WARN_NON_LITERAL_NULL_CONVERSION = YES;
				CLANG_WARN_OBJC_IMPLICIT_RETAIN_SELF = YES;
				CLANG_WARN_OBJC_LITERAL_CONVERSION = YES;
				CLANG_WARN_OBJC_ROOT_CLASS = YES_ERROR;
				CLANG_WARN_QUOTED_INCLUDE_IN_FRAMEWORK_HEADER = YES;
				CLANG_WARN_RANGE_LOOP_ANALYSIS = YES;
				CLANG_WARN_STRICT_PROTOTYPES = YES;
				CLANG_WARN_SUSPICIOUS_MOVE = YES;
				CLANG_WARN_UNGUARDED_AVAILABILITY = YES_AGGRESSIVE;
				CLANG_WARN_UNREACHABLE_CODE = YES;
				CLANG_WARN__DUPLICATE_METHOD_MATCH = YES;
				COPY_PHASE_STRIP = NO;
				DEBUG_INFORMATION_FORMAT = dwarf;
				ENABLE_STRICT_OBJC_MSGSEND = YES;
				ENABLE_TESTABILITY = YES;
				GCC_C_LANGUAGE_STANDARD = gnu11;
				GCC_DYNAMIC_NO_PIC = NO;
				GCC_NO_COMMON_BLOCKS = YES;
				GCC_OPTIMIZATION_LEVEL = 0;
				GCC_PREPROCESSOR_DEFINITIONS = (
					"DEBUG=1",
					"$(inherited)",
				);
				GCC_WARN_64_TO_32_BIT_CONVERSION = YES;
				GCC_WARN_ABOUT_RETURN_TYPE = YES_ERROR;
				GCC_WARN_UNDECLARED_SELECTOR = YES;
				GCC_WARN_UNINITIALIZED_AUTOS = YES_AGGRESSIVE;
				GCC_WARN_UNUSED_FUNCTION = YES;
				GCC_WARN_UNUSED_VARIABLE = YES;
				IPHONEOS_DEPLOYMENT_TARGET = 16.2;
				MTL_ENABLE_DEBUG_INFO = INCLUDE_SOURCE;
				MTL_FAST_MATH = YES;
				ONLY_ACTIVE_ARCH = YES;
				SDKROOT = iphoneos;
				SWIFT_ACTIVE_COMPILATION_CONDITIONS = DEBUG;
				SWIFT_OPTIMIZATION_LEVEL = "-Onone";
			};
			name = Debug;
		};
		35822386297D53110022FE2A /* Release */ = {
			isa = XCBuildConfiguration;
			buildSettings = {
				ALWAYS_SEARCH_USER_PATHS = NO;
				CLANG_ANALYZER_NONNULL = YES;
				CLANG_ANALYZER_NUMBER_OBJECT_CONVERSION = YES_AGGRESSIVE;
				CLANG_CXX_LANGUAGE_STANDARD = "gnu++20";
				CLANG_ENABLE_MODULES = YES;
				CLANG_ENABLE_OBJC_ARC = YES;
				CLANG_ENABLE_OBJC_WEAK = YES;
				CLANG_WARN_BLOCK_CAPTURE_AUTORELEASING = YES;
				CLANG_WARN_BOOL_CONVERSION = YES;
				CLANG_WARN_COMMA = YES;
				CLANG_WARN_CONSTANT_CONVERSION = YES;
				CLANG_WARN_DEPRECATED_OBJC_IMPLEMENTATIONS = YES;
				CLANG_WARN_DIRECT_OBJC_ISA_USAGE = YES_ERROR;
				CLANG_WARN_DOCUMENTATION_COMMENTS = YES;
				CLANG_WARN_EMPTY_BODY = YES;
				CLANG_WARN_ENUM_CONVERSION = YES;
				CLANG_WARN_INFINITE_RECURSION = YES;
				CLANG_WARN_INT_CONVERSION = YES;
				CLANG_WARN_NON_LITERAL_NULL_CONVERSION = YES;
				CLANG_WARN_OBJC_IMPLICIT_RETAIN_SELF = YES;
				CLANG_WARN_OBJC_LITERAL_CONVERSION = YES;
				CLANG_WARN_OBJC_ROOT_CLASS = YES_ERROR;
				CLANG_WARN_QUOTED_INCLUDE_IN_FRAMEWORK_HEADER = YES;
				CLANG_WARN_RANGE_LOOP_ANALYSIS = YES;
				CLANG_WARN_STRICT_PROTOTYPES = YES;
				CLANG_WARN_SUSPICIOUS_MOVE = YES;
				CLANG_WARN_UNGUARDED_AVAILABILITY = YES_AGGRESSIVE;
				CLANG_WARN_UNREACHABLE_CODE = YES;
				CLANG_WARN__DUPLICATE_METHOD_MATCH = YES;
				COPY_PHASE_STRIP = NO;
				DEBUG_INFORMATION_FORMAT = "dwarf-with-dsym";
				ENABLE_NS_ASSERTIONS = NO;
				ENABLE_STRICT_OBJC_MSGSEND = YES;
				GCC_C_LANGUAGE_STANDARD = gnu11;
				GCC_NO_COMMON_BLOCKS = YES;
				GCC_WARN_64_TO_32_BIT_CONVERSION = YES;
				GCC_WARN_ABOUT_RETURN_TYPE = YES_ERROR;
				GCC_WARN_UNDECLARED_SELECTOR = YES;
				GCC_WARN_UNINITIALIZED_AUTOS = YES_AGGRESSIVE;
				GCC_WARN_UNUSED_FUNCTION = YES;
				GCC_WARN_UNUSED_VARIABLE = YES;
				IPHONEOS_DEPLOYMENT_TARGET = 16.2;
				MTL_ENABLE_DEBUG_INFO = NO;
				MTL_FAST_MATH = YES;
				SDKROOT = iphoneos;
				SWIFT_COMPILATION_MODE = wholemodule;
				SWIFT_OPTIMIZATION_LEVEL = "-O";
				VALIDATE_PRODUCT = YES;
			};
			name = Release;
		};
		35822388297D53110022FE2A /* Debug */ = {
			isa = XCBuildConfiguration;
			buildSettings = {
				ASSETCATALOG_COMPILER_APPICON_NAME = AppIcon;
				ASSETCATALOG_COMPILER_GLOBAL_ACCENT_COLOR_NAME = AccentColor;
				CODE_SIGN_ENTITLEMENTS = Messenger/Messenger.entitlements;
				CODE_SIGN_STYLE = Automatic;
				CURRENT_PROJECT_VERSION = 1;
				DEVELOPMENT_TEAM = CSHNH68384;
				GENERATE_INFOPLIST_FILE = YES;
				INFOPLIST_FILE = Messenger/Info.plist;
				INFOPLIST_KEY_UIApplicationSupportsIndirectInputEvents = YES;
				INFOPLIST_KEY_UILaunchStoryboardName = LaunchScreen;
				INFOPLIST_KEY_UIMainStoryboardFile = Main;
				INFOPLIST_KEY_UISupportedInterfaceOrientations_iPad = "UIInterfaceOrientationPortrait UIInterfaceOrientationPortraitUpsideDown UIInterfaceOrientationLandscapeLeft UIInterfaceOrientationLandscapeRight";
				INFOPLIST_KEY_UISupportedInterfaceOrientations_iPhone = "UIInterfaceOrientationPortrait UIInterfaceOrientationLandscapeLeft UIInterfaceOrientationLandscapeRight";
				IPHONEOS_DEPLOYMENT_TARGET = 13.6;
				LD_RUNPATH_SEARCH_PATHS = (
					"$(inherited)",
					"@executable_path/Frameworks",
				);
				MARKETING_VERSION = 1.0;
				PRODUCT_BUNDLE_IDENTIFIER = com.learn.Messenger;
				PRODUCT_NAME = "$(TARGET_NAME)";
				SWIFT_EMIT_LOC_STRINGS = YES;
				SWIFT_VERSION = 5.0;
				TARGETED_DEVICE_FAMILY = "1,2";
			};
			name = Debug;
		};
		35822389297D53110022FE2A /* Release */ = {
			isa = XCBuildConfiguration;
			buildSettings = {
				ASSETCATALOG_COMPILER_APPICON_NAME = AppIcon;
				ASSETCATALOG_COMPILER_GLOBAL_ACCENT_COLOR_NAME = AccentColor;
				CODE_SIGN_ENTITLEMENTS = Messenger/Messenger.entitlements;
				CODE_SIGN_STYLE = Automatic;
				CURRENT_PROJECT_VERSION = 1;
				DEVELOPMENT_TEAM = CSHNH68384;
				GENERATE_INFOPLIST_FILE = YES;
				INFOPLIST_FILE = Messenger/Info.plist;
				INFOPLIST_KEY_UIApplicationSupportsIndirectInputEvents = YES;
				INFOPLIST_KEY_UILaunchStoryboardName = LaunchScreen;
				INFOPLIST_KEY_UIMainStoryboardFile = Main;
				INFOPLIST_KEY_UISupportedInterfaceOrientations_iPad = "UIInterfaceOrientationPortrait UIInterfaceOrientationPortraitUpsideDown UIInterfaceOrientationLandscapeLeft UIInterfaceOrientationLandscapeRight";
				INFOPLIST_KEY_UISupportedInterfaceOrientations_iPhone = "UIInterfaceOrientationPortrait UIInterfaceOrientationLandscapeLeft UIInterfaceOrientationLandscapeRight";
				IPHONEOS_DEPLOYMENT_TARGET = 13.6;
				LD_RUNPATH_SEARCH_PATHS = (
					"$(inherited)",
					"@executable_path/Frameworks",
				);
				MARKETING_VERSION = 1.0;
				PRODUCT_BUNDLE_IDENTIFIER = com.learn.Messenger;
				PRODUCT_NAME = "$(TARGET_NAME)";
				SWIFT_EMIT_LOC_STRINGS = YES;
				SWIFT_VERSION = 5.0;
				TARGETED_DEVICE_FAMILY = "1,2";
			};
			name = Release;
		};
/* End XCBuildConfiguration section */

/* Begin XCConfigurationList section */
		3582236E297D530F0022FE2A /* Build configuration list for PBXProject "Messenger" */ = {
			isa = XCConfigurationList;
			buildConfigurations = (
				35822385297D53110022FE2A /* Debug */,
				35822386297D53110022FE2A /* Release */,
			);
			defaultConfigurationIsVisible = 0;
			defaultConfigurationName = Release;
		};
		35822387297D53110022FE2A /* Build configuration list for PBXNativeTarget "Messenger" */ = {
			isa = XCConfigurationList;
			buildConfigurations = (
				35822388297D53110022FE2A /* Debug */,
				35822389297D53110022FE2A /* Release */,
			);
			defaultConfigurationIsVisible = 0;
			defaultConfigurationName = Release;
		};
/* End XCConfigurationList section */

/* Begin XCRemoteSwiftPackageReference section */
		3582239E297D58890022FE2A /* XCRemoteSwiftPackageReference "firebase-ios-sdk" */ = {
			isa = XCRemoteSwiftPackageReference;
			repositoryURL = "https://github.com/firebase/firebase-ios-sdk";
			requirement = {
				branch = master;
				kind = branch;
			};
		};
		35ABDEB22989802100A04A5B /* XCRemoteSwiftPackageReference "facebook-ios-sdk" */ = {
			isa = XCRemoteSwiftPackageReference;
			repositoryURL = "https://github.com/facebook/facebook-ios-sdk";
			requirement = {
				kind = upToNextMajorVersion;
				minimumVersion = 9.0.0;
			};
		};
/* End XCRemoteSwiftPackageReference section */

/* Begin XCSwiftPackageProductDependency section */
		3582239F297D58890022FE2A /* FirebaseAnalytics */ = {
			isa = XCSwiftPackageProductDependency;
			package = 3582239E297D58890022FE2A /* XCRemoteSwiftPackageReference "firebase-ios-sdk" */;
			productName = FirebaseAnalytics;
		};
		358223A1297D58890022FE2A /* FirebaseAnalyticsOnDeviceConversion */ = {
			isa = XCSwiftPackageProductDependency;
			package = 3582239E297D58890022FE2A /* XCRemoteSwiftPackageReference "firebase-ios-sdk" */;
			productName = FirebaseAnalyticsOnDeviceConversion;
		};
		358223A3297D58890022FE2A /* FirebaseAnalyticsSwift */ = {
			isa = XCSwiftPackageProductDependency;
			package = 3582239E297D58890022FE2A /* XCRemoteSwiftPackageReference "firebase-ios-sdk" */;
			productName = FirebaseAnalyticsSwift;
		};
		358223A5297D58890022FE2A /* FirebaseAnalyticsWithoutAdIdSupport */ = {
			isa = XCSwiftPackageProductDependency;
			package = 3582239E297D58890022FE2A /* XCRemoteSwiftPackageReference "firebase-ios-sdk" */;
			productName = FirebaseAnalyticsWithoutAdIdSupport;
		};
		358223A7297D58890022FE2A /* FirebaseAppCheck */ = {
			isa = XCSwiftPackageProductDependency;
			package = 3582239E297D58890022FE2A /* XCRemoteSwiftPackageReference "firebase-ios-sdk" */;
			productName = FirebaseAppCheck;
		};
		358223A9297D588A0022FE2A /* FirebaseAppDistribution-Beta */ = {
			isa = XCSwiftPackageProductDependency;
			package = 3582239E297D58890022FE2A /* XCRemoteSwiftPackageReference "firebase-ios-sdk" */;
			productName = "FirebaseAppDistribution-Beta";
		};
		358223AB297D588A0022FE2A /* FirebaseAuth */ = {
			isa = XCSwiftPackageProductDependency;
			package = 3582239E297D58890022FE2A /* XCRemoteSwiftPackageReference "firebase-ios-sdk" */;
			productName = FirebaseAuth;
		};
		358223AD297D588A0022FE2A /* FirebaseAuthCombine-Community */ = {
			isa = XCSwiftPackageProductDependency;
			package = 3582239E297D58890022FE2A /* XCRemoteSwiftPackageReference "firebase-ios-sdk" */;
			productName = "FirebaseAuthCombine-Community";
		};
		358223AF297D588A0022FE2A /* FirebaseCrashlytics */ = {
			isa = XCSwiftPackageProductDependency;
			package = 3582239E297D58890022FE2A /* XCRemoteSwiftPackageReference "firebase-ios-sdk" */;
			productName = FirebaseCrashlytics;
		};
		358223B1297D588B0022FE2A /* FirebaseDatabase */ = {
			isa = XCSwiftPackageProductDependency;
			package = 3582239E297D58890022FE2A /* XCRemoteSwiftPackageReference "firebase-ios-sdk" */;
			productName = FirebaseDatabase;
		};
		358223B3297D588B0022FE2A /* FirebaseDatabaseSwift */ = {
			isa = XCSwiftPackageProductDependency;
			package = 3582239E297D58890022FE2A /* XCRemoteSwiftPackageReference "firebase-ios-sdk" */;
			productName = FirebaseDatabaseSwift;
		};
		358223B5297D588C0022FE2A /* FirebaseDynamicLinks */ = {
			isa = XCSwiftPackageProductDependency;
			package = 3582239E297D58890022FE2A /* XCRemoteSwiftPackageReference "firebase-ios-sdk" */;
			productName = FirebaseDynamicLinks;
		};
		358223B7297D588C0022FE2A /* FirebaseFirestore */ = {
			isa = XCSwiftPackageProductDependency;
			package = 3582239E297D58890022FE2A /* XCRemoteSwiftPackageReference "firebase-ios-sdk" */;
			productName = FirebaseFirestore;
		};
		358223B9297D588D0022FE2A /* FirebaseFirestoreCombine-Community */ = {
			isa = XCSwiftPackageProductDependency;
			package = 3582239E297D58890022FE2A /* XCRemoteSwiftPackageReference "firebase-ios-sdk" */;
			productName = "FirebaseFirestoreCombine-Community";
		};
		358223BB297D588D0022FE2A /* FirebaseFirestoreSwift */ = {
			isa = XCSwiftPackageProductDependency;
			package = 3582239E297D58890022FE2A /* XCRemoteSwiftPackageReference "firebase-ios-sdk" */;
			productName = FirebaseFirestoreSwift;
		};
		358223BD297D588E0022FE2A /* FirebaseFunctions */ = {
			isa = XCSwiftPackageProductDependency;
			package = 3582239E297D58890022FE2A /* XCRemoteSwiftPackageReference "firebase-ios-sdk" */;
			productName = FirebaseFunctions;
		};
		358223BF297D588E0022FE2A /* FirebaseFunctionsCombine-Community */ = {
			isa = XCSwiftPackageProductDependency;
			package = 3582239E297D58890022FE2A /* XCRemoteSwiftPackageReference "firebase-ios-sdk" */;
			productName = "FirebaseFunctionsCombine-Community";
		};
		358223C1297D588F0022FE2A /* FirebaseInAppMessaging-Beta */ = {
			isa = XCSwiftPackageProductDependency;
			package = 3582239E297D58890022FE2A /* XCRemoteSwiftPackageReference "firebase-ios-sdk" */;
			productName = "FirebaseInAppMessaging-Beta";
		};
		358223C3297D58900022FE2A /* FirebaseInAppMessagingSwift-Beta */ = {
			isa = XCSwiftPackageProductDependency;
			package = 3582239E297D58890022FE2A /* XCRemoteSwiftPackageReference "firebase-ios-sdk" */;
			productName = "FirebaseInAppMessagingSwift-Beta";
		};
		358223C5297D58900022FE2A /* FirebaseInstallations */ = {
			isa = XCSwiftPackageProductDependency;
			package = 3582239E297D58890022FE2A /* XCRemoteSwiftPackageReference "firebase-ios-sdk" */;
			productName = FirebaseInstallations;
		};
		358223C7297D58910022FE2A /* FirebaseMLModelDownloader */ = {
			isa = XCSwiftPackageProductDependency;
			package = 3582239E297D58890022FE2A /* XCRemoteSwiftPackageReference "firebase-ios-sdk" */;
			productName = FirebaseMLModelDownloader;
		};
		358223C9297D58920022FE2A /* FirebaseMessaging */ = {
			isa = XCSwiftPackageProductDependency;
			package = 3582239E297D58890022FE2A /* XCRemoteSwiftPackageReference "firebase-ios-sdk" */;
			productName = FirebaseMessaging;
		};
		358223CB297D58930022FE2A /* FirebasePerformance */ = {
			isa = XCSwiftPackageProductDependency;
			package = 3582239E297D58890022FE2A /* XCRemoteSwiftPackageReference "firebase-ios-sdk" */;
			productName = FirebasePerformance;
		};
		358223CD297D58940022FE2A /* FirebaseRemoteConfig */ = {
			isa = XCSwiftPackageProductDependency;
			package = 3582239E297D58890022FE2A /* XCRemoteSwiftPackageReference "firebase-ios-sdk" */;
			productName = FirebaseRemoteConfig;
		};
		358223CF297D58940022FE2A /* FirebaseRemoteConfigSwift */ = {
			isa = XCSwiftPackageProductDependency;
			package = 3582239E297D58890022FE2A /* XCRemoteSwiftPackageReference "firebase-ios-sdk" */;
			productName = FirebaseRemoteConfigSwift;
		};
		358223D1297D58950022FE2A /* FirebaseStorage */ = {
			isa = XCSwiftPackageProductDependency;
			package = 3582239E297D58890022FE2A /* XCRemoteSwiftPackageReference "firebase-ios-sdk" */;
			productName = FirebaseStorage;
		};
		358223D3297D58960022FE2A /* FirebaseStorageCombine-Community */ = {
			isa = XCSwiftPackageProductDependency;
			package = 3582239E297D58890022FE2A /* XCRemoteSwiftPackageReference "firebase-ios-sdk" */;
			productName = "FirebaseStorageCombine-Community";
		};
		35ABDEB32989802100A04A5B /* FacebookCore */ = {
			isa = XCSwiftPackageProductDependency;
			package = 35ABDEB22989802100A04A5B /* XCRemoteSwiftPackageReference "facebook-ios-sdk" */;
			productName = FacebookCore;
		};
		35ABDEB52989802100A04A5B /* FacebookGamingServices */ = {
			isa = XCSwiftPackageProductDependency;
			package = 35ABDEB22989802100A04A5B /* XCRemoteSwiftPackageReference "facebook-ios-sdk" */;
			productName = FacebookGamingServices;
		};
		35ABDEB72989802100A04A5B /* FacebookLogin */ = {
			isa = XCSwiftPackageProductDependency;
			package = 35ABDEB22989802100A04A5B /* XCRemoteSwiftPackageReference "facebook-ios-sdk" */;
			productName = FacebookLogin;
		};
		35ABDEB92989802100A04A5B /* FacebookShare */ = {
			isa = XCSwiftPackageProductDependency;
			package = 35ABDEB22989802100A04A5B /* XCRemoteSwiftPackageReference "facebook-ios-sdk" */;
			productName = FacebookShare;
		};
/* End XCSwiftPackageProductDependency section */
	};
	rootObject = 3582236B297D530F0022FE2A /* Project object */;
}
